{
  "name": "web",
  "version": "0.0.0",
  "dependencies": {
    "grunt-contrib-clean": {
      "version": "0.4.0rc6",
      "from": "grunt-contrib-clean@0.4.0rc6"
    },
    "grunt-exec": {
      "version": "0.4.0",
      "from": "grunt-exec@0.4.0",
      "resolved": "https://registry.npmjs.org/grunt-exec/-/grunt-exec-0.4.0.tgz"
    },
    "grunt-contrib-copy": {
      "version": "0.4.0rc7",
      "from": "grunt-contrib-copy@0.4.0rc7",
      "dependencies": {
        "grunt-lib-contrib": {
          "version": "0.4.0",
          "from": "grunt-lib-contrib@~0.4.0"
        }
      }
    },
    "grunt-open": {
      "version": "0.1.0",
      "from": "grunt-open@~0.1.0",
      "dependencies": {
        "open": {
          "version": "0.0.2",
          "from": "open@0.0.2"
        }
      }
    },
    "grunt-contrib-htmlmin": {
      "version": "0.1.1rc7",
      "from": "grunt-contrib-htmlmin@0.1.1rc7",
      "dependencies": {
        "html-minifier": {
          "version": "0.4.5",
          "from": "html-minifier@~0.4.5"
        },
        "grunt-lib-contrib": {
          "version": "0.5.3",
          "from": "grunt-lib-contrib@~0.5.2",
          "dependencies": {
            "zlib-browserify": {
              "version": "0.0.1",
              "from": "zlib-browserify@0.0.1"
            }
          }
        }
      }
    },
    "matchdep": {
      "version": "0.1.2",
      "from": "matchdep@~0.1.1",
      "dependencies": {
        "minimatch": {
          "version": "0.2.12",
          "from": "minimatch@~0.2.9",
          "dependencies": {
            "lru-cache": {
              "version": "2.3.0",
              "from": "lru-cache@2"
            },
            "sigmund": {
              "version": "1.0.0",
              "from": "sigmund@~1.0.0"
            }
          }
        }
      }
    },
    "grunt": {
      "version": "0.4.0rc7",
      "from": "grunt@0.4.0rc7",
      "dependencies": {
        "async": {
          "version": "0.1.22",
          "from": "async@~0.1.22"
        },
        "coffee-script": {
          "version": "1.3.3",
          "from": "coffee-script@~1.3.3"
        },
        "colors": {
          "version": "0.6.0-1",
          "from": "colors@~0.6.0-1"
        },
        "dateformat": {
          "version": "1.0.2-1.2.3",
          "from": "dateformat@1.0.2-1.2.3"
        },
        "eventemitter2": {
          "version": "0.4.11",
          "from": "eventemitter2@~0.4.9"
        },
        "findup-sync": {
          "version": "0.1.2",
          "from": "findup-sync@~0.1.0",
          "dependencies": {
            "lodash": {
              "version": "1.0.1",
              "from": "lodash@~1.0.1"
            }
          }
        },
        "glob": {
          "version": "3.1.21",
          "from": "glob@~3.1.13",
          "dependencies": {
            "graceful-fs": {
              "version": "1.2.0",
              "from": "graceful-fs@~1.2.0"
            },
            "inherits": {
              "version": "1.0.0",
              "from": "inherits@1"
            }
          }
        },
        "hooker": {
          "version": "0.2.3",
          "from": "hooker@~0.2.3"
        },
        "iconv-lite": {
          "version": "0.2.8",
          "from": "iconv-lite@~0.2.5"
        },
        "minimatch": {
          "version": "0.2.12",
          "from": "minimatch@~0.2.6",
          "dependencies": {
            "lru-cache": {
              "version": "2.3.0",
              "from": "lru-cache@2"
            },
            "sigmund": {
              "version": "1.0.0",
              "from": "sigmund@~1.0.0"
            }
          }
        },
        "nopt": {
          "version": "1.0.10",
          "from": "nopt@~1.0.10",
          "dependencies": {
            "abbrev": {
              "version": "1.0.4",
              "from": "abbrev@1"
            }
          }
        },
        "rimraf": {
          "version": "2.0.3",
          "from": "rimraf@~2.0.2",
          "dependencies": {
            "graceful-fs": {
              "version": "1.1.14",
              "from": "graceful-fs@~1.1"
            }
          }
        },
        "lodash": {
          "version": "0.9.2",
          "from": "lodash@~0.9.0"
        },
        "underscore.string": {
          "version": "2.2.0rc",
          "from": "underscore.string@~2.2.0rc"
        },
        "which": {
          "version": "1.0.5",
          "from": "which@~1.0.5"
        },
        "js-yaml": {
          "version": "1.0.3",
          "from": "js-yaml@~1.0.1",
          "dependencies": {
            "argparse": {
              "version": "0.1.13",
              "from": "argparse@~ 0.1.3",
              "dependencies": {
                "underscore": {
                  "version": "1.4.4",
                  "from": "underscore@~1.4.3"
                },
                "underscore.string": {
                  "version": "2.3.1",
                  "from": "underscore.string@~2.3.1"
                }
              }
            }
          }
        }
      }
    },
    "grunt-connect-proxy": {
      "version": "0.1.1",
      "from": "grunt-connect-proxy@~0.1.0",
      "dependencies": {
        "http-proxy": {
          "version": "0.8.7",
          "from": "http-proxy@~0.8.7",
          "dependencies": {
            "colors": {
              "version": "0.6.0-1",
              "from": "colors@0.x.x"
            },
            "optimist": {
              "version": "0.3.7",
              "from": "optimist@0.3.x",
              "dependencies": {
                "wordwrap": {
                  "version": "0.0.2",
                  "from": "wordwrap@~0.0.2"
                }
              }
            },
            "pkginfo": {
              "version": "0.2.3",
              "from": "pkginfo@0.2.x"
            }
          }
        }
      }
    },
    "grunt-contrib-connect": {
      "version": "0.1.1rc6",
      "from": "grunt-contrib-connect@0.1.1rc6",
      "dependencies": {
        "connect": {
          "version": "2.4.6",
          "from": "connect@~2.4.4",
          "dependencies": {
            "qs": {
              "version": "0.5.1",
              "from": "qs@0.5.1"
            },
            "formidable": {
              "version": "1.0.11",
              "from": "formidable@1.0.11"
            },
            "crc": {
              "version": "0.2.0",
              "from": "crc@0.2.0"
            },
            "cookie": {
              "version": "0.0.4",
              "from": "cookie@0.0.4"
            },
            "bytes": {
              "version": "0.1.0",
              "from": "bytes@0.1.0"
            },
            "send": {
              "version": "0.0.4",
              "from": "send@0.0.4",
              "dependencies": {
                "mime": {
                  "version": "1.2.6",
                  "from": "mime@1.2.6"
                },
                "range-parser": {
                  "version": "0.0.4",
                  "from": "range-parser@0.0.4"
                }
              }
            },
            "fresh": {
              "version": "0.1.0",
              "from": "fresh@0.1.0"
            },
            "pause": {
              "version": "0.0.1",
              "from": "pause@0.0.1"
            },
            "debug": {
              "version": "0.7.2",
              "from": "debug@*"
            }
          }
        }
      }
    },
    "grunt-contrib-uglify": {
      "version": "0.1.1rc6",
      "from": "grunt-contrib-uglify@0.1.1rc6",
      "dependencies": {
        "gzip-js": {
          "version": "0.3.1",
          "from": "gzip-js@~0.3.1",
          "dependencies": {
            "crc32": {
              "version": "0.2.2",
              "from": "crc32@>= 0.2.2"
            },
            "deflate-js": {
              "version": "0.2.2",
              "from": "deflate-js@>= 0.2.2"
            }
          }
        },
        "uglify-js": {
          "version": "2.2.5",
          "from": "uglify-js@~2.2.1",
          "dependencies": {
            "source-map": {
              "version": "0.1.22",
              "from": "source-map@~0.1.7",
              "dependencies": {
                "amdefine": {
                  "version": "0.0.4",
                  "from": "amdefine@>=0.0.4"
                }
              }
            },
            "optimist": {
              "version": "0.3.7",
              "from": "optimist@~0.3.5",
              "dependencies": {
                "wordwrap": {
                  "version": "0.0.2",
                  "from": "wordwrap@~0.0.2"
                }
              }
            }
          }
        }
      }
    },
    "grunt-contrib-livereload": {
      "version": "0.1.0rc8",
      "from": "grunt-contrib-livereload@0.1.0rc8",
      "dependencies": {
        "tiny-lr": {
          "version": "0.0.4",
          "from": "tiny-lr@~0.0.4",
          "dependencies": {
            "qs": {
              "version": "0.5.6",
              "from": "qs@~0.5.2"
            },
            "faye-websocket": {
              "version": "0.4.4",
              "from": "faye-websocket@~0.4.3"
            },
            "noptify": {
              "version": "0.0.3",
              "from": "noptify@latest",
              "dependencies": {
                "nopt": {
                  "version": "2.0.0",
                  "from": "nopt@~2.0.0",
                  "dependencies": {
                    "abbrev": {
                      "version": "1.0.4",
                      "from": "abbrev@1"
                    }
                  }
                }
              }
            },
            "debug": {
              "version": "0.7.2",
              "from": "debug@~0.7.0"
            }
          }
        }
      }
    },
    "grunt-regarde": {
      "version": "0.1.1",
      "from": "grunt-regarde@~0.1.1",
      "dependencies": {
        "gaze": {
          "version": "0.3.3",
          "from": "gaze@~0.3.1",
          "dependencies": {
            "minimatch": {
              "version": "0.2.12",
              "from": "minimatch@~0.2.6",
              "dependencies": {
                "lru-cache": {
                  "version": "2.3.0",
                  "from": "lru-cache@2"
                },
                "sigmund": {
                  "version": "1.0.0",
                  "from": "sigmund@~1.0.0"
                }
              }
            },
            "fileset": {
              "version": "0.1.5",
              "from": "fileset@~0.1.5",
              "dependencies": {
                "glob": {
                  "version": "3.2.1",
                  "from": "glob@3.x",
                  "dependencies": {
                    "graceful-fs": {
                      "version": "1.2.0",
                      "from": "graceful-fs@~1.2.0"
                    },
                    "inherits": {
                      "version": "1.0.0",
                      "from": "inherits@1"
                    }
                  }
                }
              }
            }
          }
        }
      }
    },
    "grunt-contrib-jshint": {
      "version": "0.1.1rc6",
      "from": "grunt-contrib-jshint@0.1.1rc6",
      "dependencies": {
        "jshint": {
          "version": "0.9.1",
          "from": "jshint@~0.9.0",
          "dependencies": {
            "cli": {
              "version": "0.4.3",
              "from": "cli@0.4.3",
              "dependencies": {
                "glob": {
                  "version": "3.2.1",
                  "from": "glob@>= 3.1.4",
                  "dependencies": {
                    "minimatch": {
                      "version": "0.2.12",
                      "from": "minimatch@~0.2.11",
                      "dependencies": {
                        "lru-cache": {
                          "version": "2.3.0",
                          "from": "lru-cache@2"
                        },
                        "sigmund": {
                          "version": "1.0.0",
                          "from": "sigmund@~1.0.0"
                        }
                      }
                    },
                    "graceful-fs": {
                      "version": "1.2.0",
                      "from": "graceful-fs@~1.2.0"
                    },
                    "inherits": {
                      "version": "1.0.0",
                      "from": "inherits@1"
                    }
                  }
                }
              }
            },
            "minimatch": {
              "version": "0.0.5",
              "from": "minimatch@0.0.x",
              "dependencies": {
                "lru-cache": {
                  "version": "1.0.6",
                  "from": "lru-cache@~1.0.2"
                }
              }
            }
          }
        }
      }
    }
  }
}
